github.com/lhawi/go-say-punten v1.2.0 h1:xoCi4TnBubxXtyYmjO3GIr5BIGIyqN2q4pHmLI8DxDM=
github.com/lhawi/go-say-punten v1.2.0/go.mod h1:ia6uCrg4/e4gGpz0AHV2lA3O9RfD26vV8MzWGdu9njk=
github.com/lhawi/go-say-punten/v2 v2.0.0 h1:XF5yVGk1i5w8eOtRBZ/74LQyTyLKHzVXyQWfoh/aNJE=
github.com/lhawi/go-say-punten/v2 v2.0.0/go.mod h1:b/8Ztgr+/DxesOeBdchKGqeRAXdBTH5IFQ0E/S1ZmHM=
