github.com/lhawi/go-say-punten v1.0.0 h1:0l+mtHNkdOQgx3L1UvzBlk/1dwtJpUjWSTE4/RUYooE=
github.com/lhawi/go-say-punten v1.0.0/go.mod h1:ia6uCrg4/e4gGpz0AHV2lA3O9RfD26vV8MzWGdu9njk=
github.com/lhawi/go-say-punten v1.2.0 h1:xoCi4TnBubxXtyYmjO3GIr5BIGIyqN2q4pHmLI8DxDM=
github.com/lhawi/go-say-punten v1.2.0/go.mod h1:ia6uCrg4/e4gGpz0AHV2lA3O9RfD26vV8MzWGdu9njk=
